// !$*UTF8*$!
{
	archiveVersion = 1;
	classes = {
	};
	objectVersion = 46;
	objects = {

/* Begin PBXBuildFile section */
		27430285B86EE5A4C04F3F3D /* libPods-CDCommon.a in Frameworks */ = {isa = PBXBuildFile; fileRef = 40F54F88D9BA0419BE11AAF5 /* libPods-CDCommon.a */; };
		2E1E29741F750074006B4F84 /* UIScrollView+TLAdd.m in Sources */ = {isa = PBXBuildFile; fileRef = 2E1E29721F75006D006B4F84 /* UIScrollView+TLAdd.m */; };
		2E1E29771F750253006B4F84 /* DeviceUtil.m in Sources */ = {isa = PBXBuildFile; fileRef = 2E1E29751F750252006B4F84 /* DeviceUtil.m */; };
		2E8DCD2D1F5FDA4000C9B39F /* main.m in Sources */ = {isa = PBXBuildFile; fileRef = 2E8DCD2C1F5FDA4000C9B39F /* main.m */; };
		2E8DCD301F5FDA4000C9B39F /* AppDelegate.m in Sources */ = {isa = PBXBuildFile; fileRef = 2E8DCD2F1F5FDA4000C9B39F /* AppDelegate.m */; };
		2E8DCD331F5FDA4000C9B39F /* ViewController.m in Sources */ = {isa = PBXBuildFile; fileRef = 2E8DCD321F5FDA4000C9B39F /* ViewController.m */; };
		2E8DCD361F5FDA4000C9B39F /* Main.storyboard in Resources */ = {isa = PBXBuildFile; fileRef = 2E8DCD341F5FDA4000C9B39F /* Main.storyboard */; };
		2E8DCD381F5FDA4000C9B39F /* Assets.xcassets in Resources */ = {isa = PBXBuildFile; fileRef = 2E8DCD371F5FDA4000C9B39F /* Assets.xcassets */; };
		2E8DCD3B1F5FDA4000C9B39F /* LaunchScreen.storyboard in Resources */ = {isa = PBXBuildFile; fileRef = 2E8DCD391F5FDA4000C9B39F /* LaunchScreen.storyboard */; };
		2E8DCD4A1F5FDD4F00C9B39F /* ImageUtil.m in Sources */ = {isa = PBXBuildFile; fileRef = 2E8DCD491F5FDD4F00C9B39F /* ImageUtil.m */; };
		2E8DCD4E1F5FDD8E00C9B39F /* UIView+Frame.m in Sources */ = {isa = PBXBuildFile; fileRef = 2E8DCD4D1F5FDD8E00C9B39F /* UIView+Frame.m */; };
		2E8DCD541F5FEA8800C9B39F /* CDCommon.m in Sources */ = {isa = PBXBuildFile; fileRef = 2E8DCD531F5FEA8800C9B39F /* CDCommon.m */; };
/* End PBXBuildFile section */

/* Begin PBXFileReference section */
		2E1E29721F75006D006B4F84 /* UIScrollView+TLAdd.m */ = {isa = PBXFileReference; lastKnownFileType = sourcecode.c.objc; path = "UIScrollView+TLAdd.m"; sourceTree = "<group>"; };
		2E1E29731F75006D006B4F84 /* UIScrollView+TLAdd.h */ = {isa = PBXFileReference; lastKnownFileType = sourcecode.c.h; path = "UIScrollView+TLAdd.h"; sourceTree = "<group>"; };
		2E1E29751F750252006B4F84 /* DeviceUtil.m */ = {isa = PBXFileReference; lastKnownFileType = sourcecode.c.objc; path = DeviceUtil.m; sourceTree = "<group>"; };
		2E1E29761F750253006B4F84 /* DeviceUtil.h */ = {isa = PBXFileReference; lastKnownFileType = sourcecode.c.h; path = DeviceUtil.h; sourceTree = "<group>"; };
		2E8DCD281F5FDA4000C9B39F /* CDCommon.app */ = {isa = PBXFileReference; explicitFileType = wrapper.application; includeInIndex = 0; path = CDCommon.app; sourceTree = BUILT_PRODUCTS_DIR; };
		2E8DCD2C1F5FDA4000C9B39F /* main.m */ = {isa = PBXFileReference; lastKnownFileType = sourcecode.c.objc; path = main.m; sourceTree = "<group>"; };
		2E8DCD2E1F5FDA4000C9B39F /* AppDelegate.h */ = {isa = PBXFileReference; lastKnownFileType = sourcecode.c.h; path = AppDelegate.h; sourceTree = "<group>"; };
		2E8DCD2F1F5FDA4000C9B39F /* AppDelegate.m */ = {isa = PBXFileReference; lastKnownFileType = sourcecode.c.objc; path = AppDelegate.m; sourceTree = "<group>"; };
		2E8DCD311F5FDA4000C9B39F /* ViewController.h */ = {isa = PBXFileReference; lastKnownFileType = sourcecode.c.h; path = ViewController.h; sourceTree = "<group>"; };
		2E8DCD321F5FDA4000C9B39F /* ViewController.m */ = {isa = PBXFileReference; lastKnownFileType = sourcecode.c.objc; path = ViewController.m; sourceTree = "<group>"; };
		2E8DCD351F5FDA4000C9B39F /* Base */ = {isa = PBXFileReference; lastKnownFileType = file.storyboard; name = Base; path = Base.lproj/Main.storyboard; sourceTree = "<group>"; };
		2E8DCD371F5FDA4000C9B39F /* Assets.xcassets */ = {isa = PBXFileReference; lastKnownFileType = folder.assetcatalog; path = Assets.xcassets; sourceTree = "<group>"; };
		2E8DCD3A1F5FDA4000C9B39F /* Base */ = {isa = PBXFileReference; lastKnownFileType = file.storyboard; name = Base; path = Base.lproj/LaunchScreen.storyboard; sourceTree = "<group>"; };
		2E8DCD3C1F5FDA4000C9B39F /* Info.plist */ = {isa = PBXFileReference; lastKnownFileType = text.plist.xml; path = Info.plist; sourceTree = "<group>"; };
		2E8DCD481F5FDD4F00C9B39F /* ImageUtil.h */ = {isa = PBXFileReference; fileEncoding = 4; lastKnownFileType = sourcecode.c.h; path = ImageUtil.h; sourceTree = "<group>"; };
		2E8DCD491F5FDD4F00C9B39F /* ImageUtil.m */ = {isa = PBXFileReference; fileEncoding = 4; lastKnownFileType = sourcecode.c.objc; path = ImageUtil.m; sourceTree = "<group>"; };
		2E8DCD4C1F5FDD8E00C9B39F /* UIView+Frame.h */ = {isa = PBXFileReference; fileEncoding = 4; lastKnownFileType = sourcecode.c.h; path = "UIView+Frame.h"; sourceTree = "<group>"; };
		2E8DCD4D1F5FDD8E00C9B39F /* UIView+Frame.m */ = {isa = PBXFileReference; fileEncoding = 4; lastKnownFileType = sourcecode.c.objc; path = "UIView+Frame.m"; sourceTree = "<group>"; };
		2E8DCD521F5FEA8800C9B39F /* CDCommon.h */ = {isa = PBXFileReference; fileEncoding = 4; lastKnownFileType = sourcecode.c.h; path = CDCommon.h; sourceTree = "<group>"; };
		2E8DCD531F5FEA8800C9B39F /* CDCommon.m */ = {isa = PBXFileReference; fileEncoding = 4; lastKnownFileType = sourcecode.c.objc; path = CDCommon.m; sourceTree = "<group>"; };
		40F54F88D9BA0419BE11AAF5 /* libPods-CDCommon.a */ = {isa = PBXFileReference; explicitFileType = archive.ar; includeInIndex = 0; path = "libPods-CDCommon.a"; sourceTree = BUILT_PRODUCTS_DIR; };
		45740492282F8DEBF9B8994B /* Pods-CDCommon.release.xcconfig */ = {isa = PBXFileReference; includeInIndex = 1; lastKnownFileType = text.xcconfig; name = "Pods-CDCommon.release.xcconfig"; path = "Pods/Target Support Files/Pods-CDCommon/Pods-CDCommon.release.xcconfig"; sourceTree = "<group>"; };
		A1DA341940AD07471A221F1A /* Pods-CDCommon.debug.xcconfig */ = {isa = PBXFileReference; includeInIndex = 1; lastKnownFileType = text.xcconfig; name = "Pods-CDCommon.debug.xcconfig"; path = "Pods/Target Support Files/Pods-CDCommon/Pods-CDCommon.debug.xcconfig"; sourceTree = "<group>"; };
/* End PBXFileReference section */

/* Begin PBXFrameworksBuildPhase section */
		2E8DCD251F5FDA4000C9B39F /* Frameworks */ = {
			isa = PBXFrameworksBuildPhase;
			buildActionMask = 2147483647;
			files = (
				27430285B86EE5A4C04F3F3D /* libPods-CDCommon.a in Frameworks */,
			);
			runOnlyForDeploymentPostprocessing = 0;
		};
/* End PBXFrameworksBuildPhase section */

/* Begin PBXGroup section */
		2E1E29711F750039006B4F84 /* Category */ = {
			isa = PBXGroup;
			children = (
				2E1E29731F75006D006B4F84 /* UIScrollView+TLAdd.h */,
				2E1E29721F75006D006B4F84 /* UIScrollView+TLAdd.m */,
			);
			path = Category;
			sourceTree = "<group>";
		};
		2E8DCD1F1F5FDA4000C9B39F = {
			isa = PBXGroup;
			children = (
				2E8DCD2A1F5FDA4000C9B39F /* CDCommon */,
				2E8DCD291F5FDA4000C9B39F /* Products */,
				EA2D051023B7C50FB48ECC87 /* Pods */,
				A2979874184EBDD01954A105 /* Frameworks */,
			);
			sourceTree = "<group>";
		};
		2E8DCD291F5FDA4000C9B39F /* Products */ = {
			isa = PBXGroup;
			children = (
				2E8DCD281F5FDA4000C9B39F /* CDCommon.app */,
			);
			name = Products;
			sourceTree = "<group>";
		};
		2E8DCD2A1F5FDA4000C9B39F /* CDCommon */ = {
			isa = PBXGroup;
			children = (
				2E8DCD2E1F5FDA4000C9B39F /* AppDelegate.h */,
				2E8DCD2F1F5FDA4000C9B39F /* AppDelegate.m */,
				2E8DCD421F5FDB6C00C9B39F /* Common */,
				2E8DCD311F5FDA4000C9B39F /* ViewController.h */,
				2E8DCD321F5FDA4000C9B39F /* ViewController.m */,
				2E8DCD341F5FDA4000C9B39F /* Main.storyboard */,
				2E8DCD371F5FDA4000C9B39F /* Assets.xcassets */,
				2E8DCD391F5FDA4000C9B39F /* LaunchScreen.storyboard */,
				2E8DCD3C1F5FDA4000C9B39F /* Info.plist */,
				2E8DCD2B1F5FDA4000C9B39F /* Supporting Files */,
			);
			path = CDCommon;
			sourceTree = "<group>";
		};
		2E8DCD2B1F5FDA4000C9B39F /* Supporting Files */ = {
			isa = PBXGroup;
			children = (
				2E8DCD2C1F5FDA4000C9B39F /* main.m */,
			);
			name = "Supporting Files";
			sourceTree = "<group>";
		};
		2E8DCD421F5FDB6C00C9B39F /* Common */ = {
			isa = PBXGroup;
			children = (
				2E8DCD521F5FEA8800C9B39F /* CDCommon.h */,
				2E8DCD531F5FEA8800C9B39F /* CDCommon.m */,
				2E1E29761F750253006B4F84 /* DeviceUtil.h */,
				2E1E29751F750252006B4F84 /* DeviceUtil.m */,
				2E1E29711F750039006B4F84 /* Category */,
				2E8DCD4B1F5FDD7000C9B39F /* Frame */,
				2E8DCD471F5FDD4F00C9B39F /* ImageTool */,
			);
			path = Common;
			sourceTree = "<group>";
		};
		2E8DCD471F5FDD4F00C9B39F /* ImageTool */ = {
			isa = PBXGroup;
			children = (
				2E8DCD481F5FDD4F00C9B39F /* ImageUtil.h */,
				2E8DCD491F5FDD4F00C9B39F /* ImageUtil.m */,
			);
			path = ImageTool;
			sourceTree = "<group>";
		};
		2E8DCD4B1F5FDD7000C9B39F /* Frame */ = {
			isa = PBXGroup;
			children = (
				2E8DCD4C1F5FDD8E00C9B39F /* UIView+Frame.h */,
				2E8DCD4D1F5FDD8E00C9B39F /* UIView+Frame.m */,
			);
			path = Frame;
			sourceTree = "<group>";
		};
		A2979874184EBDD01954A105 /* Frameworks */ = {
			isa = PBXGroup;
			children = (
				40F54F88D9BA0419BE11AAF5 /* libPods-CDCommon.a */,
			);
			name = Frameworks;
			sourceTree = "<group>";
		};
		EA2D051023B7C50FB48ECC87 /* Pods */ = {
			isa = PBXGroup;
			children = (
				A1DA341940AD07471A221F1A /* Pods-CDCommon.debug.xcconfig */,
				45740492282F8DEBF9B8994B /* Pods-CDCommon.release.xcconfig */,
			);
			name = Pods;
			sourceTree = "<group>";
		};
/* End PBXGroup section */

/* Begin PBXNativeTarget section */
		2E8DCD271F5FDA4000C9B39F /* CDCommon */ = {
			isa = PBXNativeTarget;
			buildConfigurationList = 2E8DCD3F1F5FDA4000C9B39F /* Build configuration list for PBXNativeTarget "CDCommon" */;
			buildPhases = (
				2D7974D8FC8B5DBD0AB64D4C /* [CP] Check Pods Manifest.lock */,
				2E8DCD241F5FDA4000C9B39F /* Sources */,
				2E8DCD251F5FDA4000C9B39F /* Frameworks */,
				2E8DCD261F5FDA4000C9B39F /* Resources */,
				1815331068DA0EC62CE61BE0 /* [CP] Embed Pods Frameworks */,
				2A5DF22CA70E4EBFDC835CC8 /* [CP] Copy Pods Resources */,
			);
			buildRules = (
			);
			dependencies = (
			);
			name = CDCommon;
			productName = CDCommon;
			productReference = 2E8DCD281F5FDA4000C9B39F /* CDCommon.app */;
			productType = "com.apple.product-type.application";
		};
/* End PBXNativeTarget section */

/* Begin PBXProject section */
		2E8DCD201F5FDA4000C9B39F /* Project object */ = {
			isa = PBXProject;
			attributes = {
				LastUpgradeCheck = 0830;
				ORGANIZATIONNAME = " tianlei";
				TargetAttributes = {
					2E8DCD271F5FDA4000C9B39F = {
						CreatedOnToolsVersion = 8.3.3;
						DevelopmentTeam = 7K7EFNFZWL;
						ProvisioningStyle = Automatic;
					};
				};
			};
			buildConfigurationList = 2E8DCD231F5FDA4000C9B39F /* Build configuration list for PBXProject "CDCommon" */;
			compatibilityVersion = "Xcode 3.2";
			developmentRegion = English;
			hasScannedForEncodings = 0;
			knownRegions = (
				en,
				Base,
			);
			mainGroup = 2E8DCD1F1F5FDA4000C9B39F;
			productRefGroup = 2E8DCD291F5FDA4000C9B39F /* Products */;
			projectDirPath = "";
			projectRoot = "";
			targets = (
				2E8DCD271F5FDA4000C9B39F /* CDCommon */,
			);
		};
/* End PBXProject section */

/* Begin PBXResourcesBuildPhase section */
		2E8DCD261F5FDA4000C9B39F /* Resources */ = {
			isa = PBXResourcesBuildPhase;
			buildActionMask = 2147483647;
			files = (
				2E8DCD3B1F5FDA4000C9B39F /* LaunchScreen.storyboard in Resources */,
				2E8DCD381F5FDA4000C9B39F /* Assets.xcassets in Resources */,
				2E8DCD361F5FDA4000C9B39F /* Main.storyboard in Resources */,
			);
			runOnlyForDeploymentPostprocessing = 0;
		};
/* End PBXResourcesBuildPhase section */

/* Begin PBXShellScriptBuildPhase section */
		1815331068DA0EC62CE61BE0 /* [CP] Embed Pods Frameworks */ = {
			isa = PBXShellScriptBuildPhase;
			buildActionMask = 2147483647;
			files = (
			);
			inputPaths = (
			);
			name = "[CP] Embed Pods Frameworks";
			outputPaths = (
			);
			runOnlyForDeploymentPostprocessing = 0;
			shellPath = /bin/sh;
			shellScript = "\"${SRCROOT}/Pods/Target Support Files/Pods-CDCommon/Pods-CDCommon-frameworks.sh\"\n";
			showEnvVarsInLog = 0;
		};
		2A5DF22CA70E4EBFDC835CC8 /* [CP] Copy Pods Resources */ = {
			isa = PBXShellScriptBuildPhase;
			buildActionMask = 2147483647;
			files = (
			);
			inputPaths = (
			);
			name = "[CP] Copy Pods Resources";
			outputPaths = (
			);
			runOnlyForDeploymentPostprocessing = 0;
			shellPath = /bin/sh;
			shellScript = "\"${SRCROOT}/Pods/Target Support Files/Pods-CDCommon/Pods-CDCommon-resources.sh\"\n";
			showEnvVarsInLog = 0;
		};
		2D7974D8FC8B5DBD0AB64D4C /* [CP] Check Pods Manifest.lock */ = {
			isa = PBXShellScriptBuildPhase;
			buildActionMask = 2147483647;
			files = (
			);
			inputPaths = (
			);
			name = "[CP] Check Pods Manifest.lock";
			outputPaths = (
			);
			runOnlyForDeploymentPostprocessing = 0;
			shellPath = /bin/sh;
			shellScript = "diff \"${PODS_PODFILE_DIR_PATH}/Podfile.lock\" \"${PODS_ROOT}/Manifest.lock\" > /dev/null\nif [ $? != 0 ] ; then\n    # print error to STDERR\n    echo \"error: The sandbox is not in sync with the Podfile.lock. Run 'pod install' or update your CocoaPods installation.\" >&2\n    exit 1\nfi\n";
			showEnvVarsInLog = 0;
		};
/* End PBXShellScriptBuildPhase section */

/* Begin PBXSourcesBuildPhase section */
		2E8DCD241F5FDA4000C9B39F /* Sources */ = {
			isa = PBXSourcesBuildPhase;
			buildActionMask = 2147483647;
			files = (
				2E8DCD331F5FDA4000C9B39F /* ViewController.m in Sources */,
				2E1E29741F750074006B4F84 /* UIScrollView+TLAdd.m in Sources */,
				2E8DCD301F5FDA4000C9B39F /* AppDelegate.m in Sources */,
				2E8DCD2D1F5FDA4000C9B39F /* main.m in Sources */,
				2E8DCD4E1F5FDD8E00C9B39F /* UIView+Frame.m in Sources */,
				2E1E29771F750253006B4F84 /* DeviceUtil.m in Sources */,
				2E8DCD4A1F5FDD4F00C9B39F /* ImageUtil.m in Sources */,
				2E8DCD541F5FEA8800C9B39F /* CDCommon.m in Sources */,
			);
			runOnlyForDeploymentPostprocessing = 0;
		};
/* End PBXSourcesBuildPhase section */

/* Begin PBXVariantGroup section */
		2E8DCD341F5FDA4000C9B39F /* Main.storyboard */ = {
			isa = PBXVariantGroup;
			children = (
				2E8DCD351F5FDA4000C9B39F /* Base */,
			);
			name = Main.storyboard;
			sourceTree = "<group>";
		};
		2E8DCD391F5FDA4000C9B39F /* LaunchScreen.storyboard */ = {
			isa = PBXVariantGroup;
			children = (
				2E8DCD3A1F5FDA4000C9B39F /* Base */,
			);
			name = LaunchScreen.storyboard;
			sourceTree = "<group>";
		};
/* End PBXVariantGroup section */

/* Begin XCBuildConfiguration section */
		2E8DCD3D1F5FDA4000C9B39F /* Debug */ = {
			isa = XCBuildConfiguration;
			buildSettings = {
				ALWAYS_SEARCH_USER_PATHS = NO;
				CLANG_ANALYZER_NONNULL = YES;
				CLANG_ANALYZER_NUMBER_OBJECT_CONVERSION = YES_AGGRESSIVE;
				CLANG_CXX_LANGUAGE_STANDARD = "gnu++0x";
				CLANG_CXX_LIBRARY = "libc++";
				CLANG_ENABLE_MODULES = YES;
				CLANG_ENABLE_OBJC_ARC = YES;
				CLANG_WARN_BOOL_CONVERSION = YES;
				CLANG_WARN_CONSTANT_CONVERSION = YES;
				CLANG_WARN_DIRECT_OBJC_ISA_USAGE = YES_ERROR;
				CLANG_WARN_DOCUMENTATION_COMMENTS = YES;
				CLANG_WARN_EMPTY_BODY = YES;
				CLANG_WARN_ENUM_CONVERSION = YES;
				CLANG_WARN_INFINITE_RECURSION = YES;
				CLANG_WARN_INT_CONVERSION = YES;
				CLANG_WARN_OBJC_ROOT_CLASS = YES_ERROR;
				CLANG_WARN_SUSPICIOUS_MOVE = YES;
				CLANG_WARN_UNREACHABLE_CODE = YES;
				CLANG_WARN__DUPLICATE_METHOD_MATCH = YES;
				"CODE_SIGN_IDENTITY[sdk=iphoneos*]" = "iPhone Developer";
				COPY_PHASE_STRIP = NO;
				DEBUG_INFORMATION_FORMAT = dwarf;
				ENABLE_STRICT_OBJC_MSGSEND = YES;
				ENABLE_TESTABILITY = YES;
				GCC_C_LANGUAGE_STANDARD = gnu99;
				GCC_DYNAMIC_NO_PIC = NO;
				GCC_NO_COMMON_BLOCKS = YES;
				GCC_OPTIMIZATION_LEVEL = 0;
				GCC_PREPROCESSOR_DEFINITIONS = (
					"DEBUG=1",
					"$(inherited)",
				);
				GCC_WARN_64_TO_32_BIT_CONVERSION = YES;
				GCC_WARN_ABOUT_RETURN_TYPE = YES_ERROR;
				GCC_WARN_UNDECLARED_SELECTOR = YES;
				GCC_WARN_UNINITIALIZED_AUTOS = YES_AGGRESSIVE;
				GCC_WARN_UNUSED_FUNCTION = YES;
				GCC_WARN_UNUSED_VARIABLE = YES;
				IPHONEOS_DEPLOYMENT_TARGET = 10.3;
				MTL_ENABLE_DEBUG_INFO = YES;
				ONLY_ACTIVE_ARCH = YES;
				SDKROOT = iphoneos;
			};
			name = Debug;
		};
		2E8DCD3E1F5FDA4000C9B39F /* Release */ = {
			isa = XCBuildConfiguration;
			buildSettings = {
				ALWAYS_SEARCH_USER_PATHS = NO;
				CLANG_ANALYZER_NONNULL = YES;
				CLANG_ANALYZER_NUMBER_OBJECT_CONVERSION = YES_AGGRESSIVE;
				CLANG_CXX_LANGUAGE_STANDARD = "gnu++0x";
				CLANG_CXX_LIBRARY = "libc++";
				CLANG_ENABLE_MODULES = YES;
				CLANG_ENABLE_OBJC_ARC = YES;
				CLANG_WARN_BOOL_CONVERSION = YES;
				CLANG_WARN_CONSTANT_CONVERSION = YES;
				CLANG_WARN_DIRECT_OBJC_ISA_USAGE = YES_ERROR;
				CLANG_WARN_DOCUMENTATION_COMMENTS = YES;
				CLANG_WARN_EMPTY_BODY = YES;
				CLANG_WARN_ENUM_CONVERSION = YES;
				CLANG_WARN_INFINITE_RECURSION = YES;
				CLANG_WARN_INT_CONVERSION = YES;
				CLANG_WARN_OBJC_ROOT_CLASS = YES_ERROR;
				CLANG_WARN_SUSPICIOUS_MOVE = YES;
				CLANG_WARN_UNREACHABLE_CODE = YES;
				CLANG_WARN__DUPLICATE_METHOD_MATCH = YES;
				"CODE_SIGN_IDENTITY[sdk=iphoneos*]" = "iPhone Developer";
				COPY_PHASE_STRIP = NO;
				DEBUG_INFORMATION_FORMAT = "dwarf-with-dsym";
				ENABLE_NS_ASSERTIONS = NO;
				ENABLE_STRICT_OBJC_MSGSEND = YES;
				GCC_C_LANGUAGE_STANDARD = gnu99;
				GCC_NO_COMMON_BLOCKS = YES;
				GCC_WARN_64_TO_32_BIT_CONVERSION = YES;
				GCC_WARN_ABOUT_RETURN_TYPE = YES_ERROR;
				GCC_WARN_UNDECLARED_SELECTOR = YES;
				GCC_WARN_UNINITIALIZED_AUTOS = YES_AGGRESSIVE;
				GCC_WARN_UNUSED_FUNCTION = YES;
				GCC_WARN_UNUSED_VARIABLE = YES;
				IPHONEOS_DEPLOYMENT_TARGET = 10.3;
				MTL_ENABLE_DEBUG_INFO = NO;
				SDKROOT = iphoneos;
				VALIDATE_PRODUCT = YES;
			};
			name = Release;
		};
		2E8DCD401F5FDA4000C9B39F /* Debug */ = {
			isa = XCBuildConfiguration;
			baseConfigurationReference = A1DA341940AD07471A221F1A /* Pods-CDCommon.debug.xcconfig */;
			buildSettings = {
				ASSETCATALOG_COMPILER_APPICON_NAME = AppIcon;
				DEVELOPMENT_TEAM = 7K7EFNFZWL;
				INFOPLIST_FILE = CDCommon/Info.plist;
				LD_RUNPATH_SEARCH_PATHS = "$(inherited) @executable_path/Frameworks";
				PRODUCT_BUNDLE_IDENTIFIER = tian.CDCommon;
				PRODUCT_NAME = "$(TARGET_NAME)";
			};
			name = Debug;
		};
		2E8DCD411F5FDA4000C9B39F /* Release */ = {
			isa = XCBuildConfiguration;
			baseConfigurationReference = 45740492282F8DEBF9B8994B /* Pods-CDCommon.release.xcconfig */;
			buildSettings = {
				ASSETCATALOG_COMPILER_APPICON_NAME = AppIcon;
				DEVELOPMENT_TEAM = 7K7EFNFZWL;
				INFOPLIST_FILE = CDCommon/Info.plist;
				LD_RUNPATH_SEARCH_PATHS = "$(inherited) @executable_path/Frameworks";
				PRODUCT_BUNDLE_IDENTIFIER = tian.CDCommon;
				PRODUCT_NAME = "$(TARGET_NAME)";
			};
			name = Release;
		};
/* End XCBuildConfiguration section */

/* Begin XCConfigurationList section */
		2E8DCD231F5FDA4000C9B39F /* Build configuration list for PBXProject "CDCommon" */ = {
			isa = XCConfigurationList;
			buildConfigurations = (
				2E8DCD3D1F5FDA4000C9B39F /* Debug */,
				2E8DCD3E1F5FDA4000C9B39F /* Release */,
			);
			defaultConfigurationIsVisible = 0;
			defaultConfigurationName = Release;
		};
		2E8DCD3F1F5FDA4000C9B39F /* Build configuration list for PBXNativeTarget "CDCommon" */ = {
			isa = XCConfigurationList;
			buildConfigurations = (
				2E8DCD401F5FDA4000C9B39F /* Debug */,
				2E8DCD411F5FDA4000C9B39F /* Release */,
			);
			defaultConfigurationIsVisible = 0;
			defaultConfigurationName = Release;
		};
/* End XCConfigurationList section */
	};
	rootObject = 2E8DCD201F5FDA4000C9B39F /* Project object */;
}
